github.com/lib/pq v1.10.0 h1:Zx5DJFEYQXio93kgXnQ09fXNiUKsqv4OUEu2UtGcB1E=
github.com/lib/pq v1.10.0/go.mod h1:AlVN5x4E4T544tWzH6hKfbfQvm3HdbOxrmggDNAPY9o=
google.golang.org/grpc v1.36.0 h1:o1bcQ6imQMIOpdrO3SWf2z5RV72WbDwdXuK0MDlc8As=
google.golang.org/grpc/cmd/protoc-gen-go-grpc v1.1.0 h1:M1YKkFIboKNieVO5DLUEVzQfGwJD30Nv2jfUgzb5UcE=
